
Microsoft Visual Studio Solution File, Format Version 12.00
# Visual Studio Version 17
VisualStudioVersion = 17.6.33815.320
MinimumVisualStudioVersion = 10.0.40219.1
Project("{FAE04EC0-301F-11D3-BF4B-00C04F79EFBC}") = "ExemploBanco", "ExemploBanco\ExemploBanco.csproj", "{B470B66E-CD90-44B9-9953-9606DBC0802B}"
EndProject
Global
	GlobalSection(SolutionConfigurationPlatforms) = preSolution
		Debug|Any CPU = Debug|Any CPU
		Release|Any CPU = Release|Any CPU
	EndGlobalSection
	GlobalSection(ProjectConfigurationPlatforms) = postSolution
		{B470B66E-CD90-44B9-9953-9606DBC0802B}.Debug|Any CPU.ActiveCfg = Debug|Any CPU
		{B470B66E-CD90-44B9-9953-9606DBC0802B}.Debug|Any CPU.Build.0 = Debug|Any CPU
		{B470B66E-CD90-44B9-9953-9606DBC0802B}.Release|Any CPU.ActiveCfg = Release|Any CPU
		{B470B66E-CD90-44B9-9953-9606DBC0802B}.Release|Any CPU.Build.0 = Release|Any CPU
	EndGlobalSection
	GlobalSection(SolutionProperties) = preSolution
		HideSolutionNode = FALSE
	EndGlobalSection
	GlobalSection(ExtensibilityGlobals) = postSolution
		SolutionGuid = {28DA6B94-7CA2-450E-9F80-997AD7C68C4F}
	EndGlobalSection
EndGlobal
